// !$*UTF8*$!
{
	archiveVersion = 1;
	classes = {
	};
	objectVersion = 56;
	objects = {

/* Begin PBXBuildFile section */
		3636B24F27BED86D2947EC99 /* Pods_GBShopTests.framework in Frameworks */ = {isa = PBXBuildFile; fileRef = D98E053BB30337BBE347008B /* Pods_GBShopTests.framework */; };
		B41D3885299B31720092EE13 /* ResponseCodableTests.swift in Sources */ = {isa = PBXBuildFile; fileRef = B41D3884299B31720092EE13 /* ResponseCodableTests.swift */; };
		B4328F3E2995EFD9007ECA57 /* LoginResult.swift in Sources */ = {isa = PBXBuildFile; fileRef = B4328F3D2995EFD9007ECA57 /* LoginResult.swift */; };
		B4328F402995F018007ECA57 /* User.swift in Sources */ = {isa = PBXBuildFile; fileRef = B4328F3F2995F018007ECA57 /* User.swift */; };
		B4328F432995FF44007ECA57 /* AuthRequestFactory.swift in Sources */ = {isa = PBXBuildFile; fileRef = B4328F422995FF44007ECA57 /* AuthRequestFactory.swift */; };
		B4328F452995FF95007ECA57 /* Auth.swift in Sources */ = {isa = PBXBuildFile; fileRef = B4328F442995FF95007ECA57 /* Auth.swift */; };
		B4328F47299600BA007ECA57 /* DataRequest.swift in Sources */ = {isa = PBXBuildFile; fileRef = B4328F46299600BA007ECA57 /* DataRequest.swift */; };
		B4328F4A299601E8007ECA57 /* AbstractErrorParser.swift in Sources */ = {isa = PBXBuildFile; fileRef = B4328F49299601E8007ECA57 /* AbstractErrorParser.swift */; };
		B4328F4C29960248007ECA57 /* ErrorParser.swift in Sources */ = {isa = PBXBuildFile; fileRef = B4328F4B29960248007ECA57 /* ErrorParser.swift */; };
		B4328F4E299603A5007ECA57 /* CustomDecodableSerializer.swift in Sources */ = {isa = PBXBuildFile; fileRef = B4328F4D299603A5007ECA57 /* CustomDecodableSerializer.swift */; };
		B4328F50299604C6007ECA57 /* RequestRouter.swift in Sources */ = {isa = PBXBuildFile; fileRef = B4328F4F299604C6007ECA57 /* RequestRouter.swift */; };
		B4328F5229960628007ECA57 /* RequestFactory.swift in Sources */ = {isa = PBXBuildFile; fileRef = B4328F5129960628007ECA57 /* RequestFactory.swift */; };
		B4328F54299629DD007ECA57 /* LogoutResult.swift in Sources */ = {isa = PBXBuildFile; fileRef = B4328F53299629DD007ECA57 /* LogoutResult.swift */; };
		B4328F5A29964EF1007ECA57 /* RegistrationResult.swift in Sources */ = {isa = PBXBuildFile; fileRef = B4328F5929964EF1007ECA57 /* RegistrationResult.swift */; };
		B46CC85C2991F76A00746B9A /* AppDelegate.swift in Sources */ = {isa = PBXBuildFile; fileRef = B46CC85B2991F76A00746B9A /* AppDelegate.swift */; };
		B46CC85E2991F76A00746B9A /* SceneDelegate.swift in Sources */ = {isa = PBXBuildFile; fileRef = B46CC85D2991F76A00746B9A /* SceneDelegate.swift */; };
		B46CC8602991F76A00746B9A /* ViewController.swift in Sources */ = {isa = PBXBuildFile; fileRef = B46CC85F2991F76A00746B9A /* ViewController.swift */; };
		B46CC8652991F76D00746B9A /* Assets.xcassets in Resources */ = {isa = PBXBuildFile; fileRef = B46CC8642991F76D00746B9A /* Assets.xcassets */; };
		B46CC8682991F76D00746B9A /* LaunchScreen.storyboard in Resources */ = {isa = PBXBuildFile; fileRef = B46CC8662991F76D00746B9A /* LaunchScreen.storyboard */; };
		B46CC8732991F76D00746B9A /* GBShopTests.swift in Sources */ = {isa = PBXBuildFile; fileRef = B46CC8722991F76D00746B9A /* GBShopTests.swift */; };
		B46CC87D2991F76D00746B9A /* GBShopUITests.swift in Sources */ = {isa = PBXBuildFile; fileRef = B46CC87C2991F76D00746B9A /* GBShopUITests.swift */; };
		B46CC87F2991F76D00746B9A /* GBShopUITestsLaunchTests.swift in Sources */ = {isa = PBXBuildFile; fileRef = B46CC87E2991F76D00746B9A /* GBShopUITestsLaunchTests.swift */; };
		B47E4F6E29974CA900EA7FF6 /* ChangeUserDataResult.swift in Sources */ = {isa = PBXBuildFile; fileRef = B47E4F6D29974CA900EA7FF6 /* ChangeUserDataResult.swift */; };
		B47E4F702997588A00EA7FF6 /* UserData.swift in Sources */ = {isa = PBXBuildFile; fileRef = B47E4F6F2997588A00EA7FF6 /* UserData.swift */; };
		B4C9CEE6299D0DD700562E6A /* GoodsRequestFactory.swift in Sources */ = {isa = PBXBuildFile; fileRef = B4C9CEE5299D0DD700562E6A /* GoodsRequestFactory.swift */; };
		B4C9CEE8299D0F0900562E6A /* CatalogDataResult.swift in Sources */ = {isa = PBXBuildFile; fileRef = B4C9CEE7299D0F0900562E6A /* CatalogDataResult.swift */; };
		B4C9CEEC299D114600562E6A /* Products.swift in Sources */ = {isa = PBXBuildFile; fileRef = B4C9CEEB299D114600562E6A /* Products.swift */; };
		B4C9CEEE299D282A00562E6A /* ProductByIdResult.swift in Sources */ = {isa = PBXBuildFile; fileRef = B4C9CEED299D282A00562E6A /* ProductByIdResult.swift */; };
		B4CD3DF229A5FC72003130AE /* ReviewRequestFactory.swift in Sources */ = {isa = PBXBuildFile; fileRef = B4CD3DF129A5FC72003130AE /* ReviewRequestFactory.swift */; };
		B4CD3DF429A5FD4B003130AE /* RemoveReviewResult.swift in Sources */ = {isa = PBXBuildFile; fileRef = B4CD3DF329A5FD4B003130AE /* RemoveReviewResult.swift */; };
		B4CD3DF629A5FF60003130AE /* Reviews.swift in Sources */ = {isa = PBXBuildFile; fileRef = B4CD3DF529A5FF60003130AE /* Reviews.swift */; };
		B4CD3DFB29A7AA54003130AE /* AddReviewResult.swift in Sources */ = {isa = PBXBuildFile; fileRef = B4CD3DFA29A7AA54003130AE /* AddReviewResult.swift */; };
		B4CD3DFD29A7B69C003130AE /* GetListReviewResult.swift in Sources */ = {isa = PBXBuildFile; fileRef = B4CD3DFC29A7B69C003130AE /* GetListReviewResult.swift */; };
		B4CD3DFF29A7B6F5003130AE /* Review.swift in Sources */ = {isa = PBXBuildFile; fileRef = B4CD3DFE29A7B6F5003130AE /* Review.swift */; };
		B4CD3E1329B19B7D003130AE /* BasketRequestFactory.swift in Sources */ = {isa = PBXBuildFile; fileRef = B4CD3E1229B19B7D003130AE /* BasketRequestFactory.swift */; };
		B4CD3E1629B19D10003130AE /* AddToBasketResult.swift in Sources */ = {isa = PBXBuildFile; fileRef = B4CD3E1529B19D10003130AE /* AddToBasketResult.swift */; };
		B4CD3E1829B19D4A003130AE /* RemoveFromBasketResult.swift in Sources */ = {isa = PBXBuildFile; fileRef = B4CD3E1729B19D4A003130AE /* RemoveFromBasketResult.swift */; };
		B4CD3E1A29B19E26003130AE /* Basket.swift in Sources */ = {isa = PBXBuildFile; fileRef = B4CD3E1929B19E26003130AE /* Basket.swift */; };
		B4CD3E1E29B1BB2C003130AE /* BasketProduct.swift in Sources */ = {isa = PBXBuildFile; fileRef = B4CD3E1D29B1BB2C003130AE /* BasketProduct.swift */; };
		B4CD3E2029B1FE86003130AE /* PayBasketResult.swift in Sources */ = {isa = PBXBuildFile; fileRef = B4CD3E1F29B1FE86003130AE /* PayBasketResult.swift */; };
		DDA64CB13488CB2CB5E86108 /* Pods_GBShop.framework in Frameworks */ = {isa = PBXBuildFile; fileRef = 94122716C3C81437DE4CF3BD /* Pods_GBShop.framework */; };
		F0D9825EC272DE31F139C7AE /* Pods_GBShop_GBShopUITests.framework in Frameworks */ = {isa = PBXBuildFile; fileRef = 3ED81A5CCD1D25D9787B70A4 /* Pods_GBShop_GBShopUITests.framework */; };
/* End PBXBuildFile section */

/* Begin PBXContainerItemProxy section */
		B46CC86F2991F76D00746B9A /* PBXContainerItemProxy */ = {
			isa = PBXContainerItemProxy;
			containerPortal = B46CC8502991F76A00746B9A /* Project object */;
			proxyType = 1;
			remoteGlobalIDString = B46CC8572991F76A00746B9A;
			remoteInfo = GBShop;
		};
		B46CC8792991F76D00746B9A /* PBXContainerItemProxy */ = {
			isa = PBXContainerItemProxy;
			containerPortal = B46CC8502991F76A00746B9A /* Project object */;
			proxyType = 1;
			remoteGlobalIDString = B46CC8572991F76A00746B9A;
			remoteInfo = GBShop;
		};
/* End PBXContainerItemProxy section */

/* Begin PBXFileReference section */
		216C2D1C5D452C79DAE16A7D /* Pods-GBShopTests.release.xcconfig */ = {isa = PBXFileReference; includeInIndex = 1; lastKnownFileType = text.xcconfig; name = "Pods-GBShopTests.release.xcconfig"; path = "Target Support Files/Pods-GBShopTests/Pods-GBShopTests.release.xcconfig"; sourceTree = "<group>"; };
		3ED81A5CCD1D25D9787B70A4 /* Pods_GBShop_GBShopUITests.framework */ = {isa = PBXFileReference; explicitFileType = wrapper.framework; includeInIndex = 0; path = Pods_GBShop_GBShopUITests.framework; sourceTree = BUILT_PRODUCTS_DIR; };
		6589F0650449FD5D3B675BD3 /* Pods-GBShop.release.xcconfig */ = {isa = PBXFileReference; includeInIndex = 1; lastKnownFileType = text.xcconfig; name = "Pods-GBShop.release.xcconfig"; path = "Target Support Files/Pods-GBShop/Pods-GBShop.release.xcconfig"; sourceTree = "<group>"; };
		81E1799CAC0AEDE27072CC94 /* Pods-GBShop-GBShopUITests.release.xcconfig */ = {isa = PBXFileReference; includeInIndex = 1; lastKnownFileType = text.xcconfig; name = "Pods-GBShop-GBShopUITests.release.xcconfig"; path = "Target Support Files/Pods-GBShop-GBShopUITests/Pods-GBShop-GBShopUITests.release.xcconfig"; sourceTree = "<group>"; };
		852DA3B6B7C961DDCC177B37 /* Pods-GBShop.debug.xcconfig */ = {isa = PBXFileReference; includeInIndex = 1; lastKnownFileType = text.xcconfig; name = "Pods-GBShop.debug.xcconfig"; path = "Target Support Files/Pods-GBShop/Pods-GBShop.debug.xcconfig"; sourceTree = "<group>"; };
		94122716C3C81437DE4CF3BD /* Pods_GBShop.framework */ = {isa = PBXFileReference; explicitFileType = wrapper.framework; includeInIndex = 0; path = Pods_GBShop.framework; sourceTree = BUILT_PRODUCTS_DIR; };
		B41D3884299B31720092EE13 /* ResponseCodableTests.swift */ = {isa = PBXFileReference; lastKnownFileType = sourcecode.swift; path = ResponseCodableTests.swift; sourceTree = "<group>"; };
		B4328F3D2995EFD9007ECA57 /* LoginResult.swift */ = {isa = PBXFileReference; lastKnownFileType = sourcecode.swift; path = LoginResult.swift; sourceTree = "<group>"; };
		B4328F3F2995F018007ECA57 /* User.swift */ = {isa = PBXFileReference; lastKnownFileType = sourcecode.swift; path = User.swift; sourceTree = "<group>"; };
		B4328F422995FF44007ECA57 /* AuthRequestFactory.swift */ = {isa = PBXFileReference; lastKnownFileType = sourcecode.swift; path = AuthRequestFactory.swift; sourceTree = "<group>"; };
		B4328F442995FF95007ECA57 /* Auth.swift */ = {isa = PBXFileReference; lastKnownFileType = sourcecode.swift; path = Auth.swift; sourceTree = "<group>"; };
		B4328F46299600BA007ECA57 /* DataRequest.swift */ = {isa = PBXFileReference; lastKnownFileType = sourcecode.swift; path = DataRequest.swift; sourceTree = "<group>"; };
		B4328F49299601E8007ECA57 /* AbstractErrorParser.swift */ = {isa = PBXFileReference; lastKnownFileType = sourcecode.swift; path = AbstractErrorParser.swift; sourceTree = "<group>"; };
		B4328F4B29960248007ECA57 /* ErrorParser.swift */ = {isa = PBXFileReference; lastKnownFileType = sourcecode.swift; path = ErrorParser.swift; sourceTree = "<group>"; };
		B4328F4D299603A5007ECA57 /* CustomDecodableSerializer.swift */ = {isa = PBXFileReference; lastKnownFileType = sourcecode.swift; path = CustomDecodableSerializer.swift; sourceTree = "<group>"; };
		B4328F4F299604C6007ECA57 /* RequestRouter.swift */ = {isa = PBXFileReference; lastKnownFileType = sourcecode.swift; path = RequestRouter.swift; sourceTree = "<group>"; };
		B4328F5129960628007ECA57 /* RequestFactory.swift */ = {isa = PBXFileReference; lastKnownFileType = sourcecode.swift; path = RequestFactory.swift; sourceTree = "<group>"; };
		B4328F53299629DD007ECA57 /* LogoutResult.swift */ = {isa = PBXFileReference; lastKnownFileType = sourcecode.swift; path = LogoutResult.swift; sourceTree = "<group>"; };
		B4328F5929964EF1007ECA57 /* RegistrationResult.swift */ = {isa = PBXFileReference; lastKnownFileType = sourcecode.swift; path = RegistrationResult.swift; sourceTree = "<group>"; };
		B46CC8582991F76A00746B9A /* GBShop.app */ = {isa = PBXFileReference; explicitFileType = wrapper.application; includeInIndex = 0; path = GBShop.app; sourceTree = BUILT_PRODUCTS_DIR; };
		B46CC85B2991F76A00746B9A /* AppDelegate.swift */ = {isa = PBXFileReference; lastKnownFileType = sourcecode.swift; path = AppDelegate.swift; sourceTree = "<group>"; };
		B46CC85D2991F76A00746B9A /* SceneDelegate.swift */ = {isa = PBXFileReference; lastKnownFileType = sourcecode.swift; path = SceneDelegate.swift; sourceTree = "<group>"; };
		B46CC85F2991F76A00746B9A /* ViewController.swift */ = {isa = PBXFileReference; lastKnownFileType = sourcecode.swift; path = ViewController.swift; sourceTree = "<group>"; };
		B46CC8642991F76D00746B9A /* Assets.xcassets */ = {isa = PBXFileReference; lastKnownFileType = folder.assetcatalog; path = Assets.xcassets; sourceTree = "<group>"; };
		B46CC8672991F76D00746B9A /* Base */ = {isa = PBXFileReference; lastKnownFileType = file.storyboard; name = Base; path = Base.lproj/LaunchScreen.storyboard; sourceTree = "<group>"; };
		B46CC8692991F76D00746B9A /* Info.plist */ = {isa = PBXFileReference; lastKnownFileType = text.plist.xml; path = Info.plist; sourceTree = "<group>"; };
		B46CC86E2991F76D00746B9A /* GBShopTests.xctest */ = {isa = PBXFileReference; explicitFileType = wrapper.cfbundle; includeInIndex = 0; path = GBShopTests.xctest; sourceTree = BUILT_PRODUCTS_DIR; };
		B46CC8722991F76D00746B9A /* GBShopTests.swift */ = {isa = PBXFileReference; lastKnownFileType = sourcecode.swift; path = GBShopTests.swift; sourceTree = "<group>"; };
		B46CC8782991F76D00746B9A /* GBShopUITests.xctest */ = {isa = PBXFileReference; explicitFileType = wrapper.cfbundle; includeInIndex = 0; path = GBShopUITests.xctest; sourceTree = BUILT_PRODUCTS_DIR; };
		B46CC87C2991F76D00746B9A /* GBShopUITests.swift */ = {isa = PBXFileReference; lastKnownFileType = sourcecode.swift; path = GBShopUITests.swift; sourceTree = "<group>"; };
		B46CC87E2991F76D00746B9A /* GBShopUITestsLaunchTests.swift */ = {isa = PBXFileReference; lastKnownFileType = sourcecode.swift; path = GBShopUITestsLaunchTests.swift; sourceTree = "<group>"; };
		B47E4F6D29974CA900EA7FF6 /* ChangeUserDataResult.swift */ = {isa = PBXFileReference; lastKnownFileType = sourcecode.swift; path = ChangeUserDataResult.swift; sourceTree = "<group>"; };
		B47E4F6F2997588A00EA7FF6 /* UserData.swift */ = {isa = PBXFileReference; lastKnownFileType = sourcecode.swift; path = UserData.swift; sourceTree = "<group>"; };
		B4C9CEE5299D0DD700562E6A /* GoodsRequestFactory.swift */ = {isa = PBXFileReference; lastKnownFileType = sourcecode.swift; path = GoodsRequestFactory.swift; sourceTree = "<group>"; };
		B4C9CEE7299D0F0900562E6A /* CatalogDataResult.swift */ = {isa = PBXFileReference; lastKnownFileType = sourcecode.swift; path = CatalogDataResult.swift; sourceTree = "<group>"; };
		B4C9CEEB299D114600562E6A /* Products.swift */ = {isa = PBXFileReference; lastKnownFileType = sourcecode.swift; path = Products.swift; sourceTree = "<group>"; };
		B4C9CEED299D282A00562E6A /* ProductByIdResult.swift */ = {isa = PBXFileReference; lastKnownFileType = sourcecode.swift; path = ProductByIdResult.swift; sourceTree = "<group>"; };
		B4CD3DF129A5FC72003130AE /* ReviewRequestFactory.swift */ = {isa = PBXFileReference; lastKnownFileType = sourcecode.swift; path = ReviewRequestFactory.swift; sourceTree = "<group>"; };
		B4CD3DF329A5FD4B003130AE /* RemoveReviewResult.swift */ = {isa = PBXFileReference; lastKnownFileType = sourcecode.swift; path = RemoveReviewResult.swift; sourceTree = "<group>"; };
		B4CD3DF529A5FF60003130AE /* Reviews.swift */ = {isa = PBXFileReference; lastKnownFileType = sourcecode.swift; path = Reviews.swift; sourceTree = "<group>"; };
		B4CD3DFA29A7AA54003130AE /* AddReviewResult.swift */ = {isa = PBXFileReference; lastKnownFileType = sourcecode.swift; path = AddReviewResult.swift; sourceTree = "<group>"; };
		B4CD3DFC29A7B69C003130AE /* GetListReviewResult.swift */ = {isa = PBXFileReference; lastKnownFileType = sourcecode.swift; path = GetListReviewResult.swift; sourceTree = "<group>"; };
		B4CD3DFE29A7B6F5003130AE /* Review.swift */ = {isa = PBXFileReference; lastKnownFileType = sourcecode.swift; path = Review.swift; sourceTree = "<group>"; };
		B4CD3E1229B19B7D003130AE /* BasketRequestFactory.swift */ = {isa = PBXFileReference; lastKnownFileType = sourcecode.swift; path = BasketRequestFactory.swift; sourceTree = "<group>"; };
		B4CD3E1529B19D10003130AE /* AddToBasketResult.swift */ = {isa = PBXFileReference; lastKnownFileType = sourcecode.swift; path = AddToBasketResult.swift; sourceTree = "<group>"; };
		B4CD3E1729B19D4A003130AE /* RemoveFromBasketResult.swift */ = {isa = PBXFileReference; lastKnownFileType = sourcecode.swift; path = RemoveFromBasketResult.swift; sourceTree = "<group>"; };
		B4CD3E1929B19E26003130AE /* Basket.swift */ = {isa = PBXFileReference; lastKnownFileType = sourcecode.swift; path = Basket.swift; sourceTree = "<group>"; };
		B4CD3E1D29B1BB2C003130AE /* BasketProduct.swift */ = {isa = PBXFileReference; lastKnownFileType = sourcecode.swift; path = BasketProduct.swift; sourceTree = "<group>"; };
		B4CD3E1F29B1FE86003130AE /* PayBasketResult.swift */ = {isa = PBXFileReference; lastKnownFileType = sourcecode.swift; path = PayBasketResult.swift; sourceTree = "<group>"; };
		BD951DC6A68B1F44EFBAC346 /* Pods-GBShopTests.debug.xcconfig */ = {isa = PBXFileReference; includeInIndex = 1; lastKnownFileType = text.xcconfig; name = "Pods-GBShopTests.debug.xcconfig"; path = "Target Support Files/Pods-GBShopTests/Pods-GBShopTests.debug.xcconfig"; sourceTree = "<group>"; };
		D03E73905E5D332CE5B26081 /* Pods-GBShop-GBShopUITests.debug.xcconfig */ = {isa = PBXFileReference; includeInIndex = 1; lastKnownFileType = text.xcconfig; name = "Pods-GBShop-GBShopUITests.debug.xcconfig"; path = "Target Support Files/Pods-GBShop-GBShopUITests/Pods-GBShop-GBShopUITests.debug.xcconfig"; sourceTree = "<group>"; };
		D98E053BB30337BBE347008B /* Pods_GBShopTests.framework */ = {isa = PBXFileReference; explicitFileType = wrapper.framework; includeInIndex = 0; path = Pods_GBShopTests.framework; sourceTree = BUILT_PRODUCTS_DIR; };
/* End PBXFileReference section */

/* Begin PBXFrameworksBuildPhase section */
		B46CC8552991F76A00746B9A /* Frameworks */ = {
			isa = PBXFrameworksBuildPhase;
			buildActionMask = 2147483647;
			files = (
				DDA64CB13488CB2CB5E86108 /* Pods_GBShop.framework in Frameworks */,
			);
			runOnlyForDeploymentPostprocessing = 0;
		};
		B46CC86B2991F76D00746B9A /* Frameworks */ = {
			isa = PBXFrameworksBuildPhase;
			buildActionMask = 2147483647;
			files = (
				3636B24F27BED86D2947EC99 /* Pods_GBShopTests.framework in Frameworks */,
			);
			runOnlyForDeploymentPostprocessing = 0;
		};
		B46CC8752991F76D00746B9A /* Frameworks */ = {
			isa = PBXFrameworksBuildPhase;
			buildActionMask = 2147483647;
			files = (
				F0D9825EC272DE31F139C7AE /* Pods_GBShop_GBShopUITests.framework in Frameworks */,
			);
			runOnlyForDeploymentPostprocessing = 0;
		};
/* End PBXFrameworksBuildPhase section */

/* Begin PBXGroup section */
		B4328F412995F22B007ECA57 /* Network */ = {
			isa = PBXGroup;
			children = (
				B4328F422995FF44007ECA57 /* AuthRequestFactory.swift */,
				B4C9CEE5299D0DD700562E6A /* GoodsRequestFactory.swift */,
				B4CD3DF129A5FC72003130AE /* ReviewRequestFactory.swift */,
				B4CD3E1229B19B7D003130AE /* BasketRequestFactory.swift */,
				B4328F442995FF95007ECA57 /* Auth.swift */,
				B4C9CEEB299D114600562E6A /* Products.swift */,
				B4CD3DF529A5FF60003130AE /* Reviews.swift */,
				B4CD3E1929B19E26003130AE /* Basket.swift */,
				B4328F5129960628007ECA57 /* RequestFactory.swift */,
			);
			path = Network;
			sourceTree = "<group>";
		};
		B4328F48299601BE007ECA57 /* Network */ = {
			isa = PBXGroup;
			children = (
				B4328F46299600BA007ECA57 /* DataRequest.swift */,
				B4328F4F299604C6007ECA57 /* RequestRouter.swift */,
				B4328F4D299603A5007ECA57 /* CustomDecodableSerializer.swift */,
				B4328F49299601E8007ECA57 /* AbstractErrorParser.swift */,
				B4328F4B29960248007ECA57 /* ErrorParser.swift */,
			);
			path = Network;
			sourceTree = "<group>";
		};
		B46CC84F2991F76A00746B9A = {
			isa = PBXGroup;
			children = (
				B46CC85A2991F76A00746B9A /* GBShop */,
				B46CC8712991F76D00746B9A /* GBShopTests */,
				B46CC87B2991F76D00746B9A /* GBShopUITests */,
				B46CC8592991F76A00746B9A /* Products */,
				FBA0CE2829DBEC23B6BE51A8 /* Pods */,
				DF63A30064D59084F092CF05 /* Frameworks */,
			);
			sourceTree = "<group>";
		};
		B46CC8592991F76A00746B9A /* Products */ = {
			isa = PBXGroup;
			children = (
				B46CC8582991F76A00746B9A /* GBShop.app */,
				B46CC86E2991F76D00746B9A /* GBShopTests.xctest */,
				B46CC8782991F76D00746B9A /* GBShopUITests.xctest */,
			);
			name = Products;
			sourceTree = "<group>";
		};
		B46CC85A2991F76A00746B9A /* GBShop */ = {
			isa = PBXGroup;
			children = (
				B46CC88B2991FC3500746B9A /* App */,
				B46CC8902991FD4500746B9A /* Core */,
				B46CC8922991FD7F00746B9A /* Environments */,
				B46CC8912991FD6300746B9A /* Resources */,
			);
			path = GBShop;
			sourceTree = "<group>";
		};
		B46CC8712991F76D00746B9A /* GBShopTests */ = {
			isa = PBXGroup;
			children = (
				B46CC8722991F76D00746B9A /* GBShopTests.swift */,
				B41D3884299B31720092EE13 /* ResponseCodableTests.swift */,
			);
			path = GBShopTests;
			sourceTree = "<group>";
		};
		B46CC87B2991F76D00746B9A /* GBShopUITests */ = {
			isa = PBXGroup;
			children = (
				B46CC87C2991F76D00746B9A /* GBShopUITests.swift */,
				B46CC87E2991F76D00746B9A /* GBShopUITestsLaunchTests.swift */,
			);
			path = GBShopUITests;
			sourceTree = "<group>";
		};
		B46CC88B2991FC3500746B9A /* App */ = {
			isa = PBXGroup;
			children = (
				B46CC85B2991F76A00746B9A /* AppDelegate.swift */,
				B46CC85D2991F76A00746B9A /* SceneDelegate.swift */,
				B46CC88E2991FC9800746B9A /* Assembly */,
				B46CC88C2991FC4600746B9A /* BusinessLogic */,
				B46CC88D2991FC6800746B9A /* Entity */,
				B46CC88F2991FCE500746B9A /* Flows */,
			);
			path = App;
			sourceTree = "<group>";
		};
		B46CC88C2991FC4600746B9A /* BusinessLogic */ = {
			isa = PBXGroup;
			children = (
				B4328F412995F22B007ECA57 /* Network */,
			);
			path = BusinessLogic;
			sourceTree = "<group>";
		};
		B46CC88D2991FC6800746B9A /* Entity */ = {
			isa = PBXGroup;
			children = (
				B4CD3E1429B19CD9003130AE /* Basket */,
				B4CD3DF929A7A9E4003130AE /* Review */,
				B4CD3DF829A7A9BE003130AE /* Product */,
				B4CD3DF729A7A98D003130AE /* User */,
			);
			path = Entity;
			sourceTree = "<group>";
		};
		B46CC88E2991FC9800746B9A /* Assembly */ = {
			isa = PBXGroup;
			children = (
			);
			path = Assembly;
			sourceTree = "<group>";
		};
		B46CC88F2991FCE500746B9A /* Flows */ = {
			isa = PBXGroup;
			children = (
				B46CC85F2991F76A00746B9A /* ViewController.swift */,
			);
			path = Flows;
			sourceTree = "<group>";
		};
		B46CC8902991FD4500746B9A /* Core */ = {
			isa = PBXGroup;
			children = (
				B4328F48299601BE007ECA57 /* Network */,
			);
			path = Core;
			sourceTree = "<group>";
		};
		B46CC8912991FD6300746B9A /* Resources */ = {
			isa = PBXGroup;
			children = (
				B46CC8642991F76D00746B9A /* Assets.xcassets */,
				B46CC8662991F76D00746B9A /* LaunchScreen.storyboard */,
			);
			path = Resources;
			sourceTree = "<group>";
		};
		B46CC8922991FD7F00746B9A /* Environments */ = {
			isa = PBXGroup;
			children = (
				B46CC8692991F76D00746B9A /* Info.plist */,
			);
			path = Environments;
			sourceTree = "<group>";
		};
		B4CD3DF729A7A98D003130AE /* User */ = {
			isa = PBXGroup;
			children = (
				B47E4F6D29974CA900EA7FF6 /* ChangeUserDataResult.swift */,
				B47E4F6F2997588A00EA7FF6 /* UserData.swift */,
				B4328F3F2995F018007ECA57 /* User.swift */,
				B4328F3D2995EFD9007ECA57 /* LoginResult.swift */,
				B4328F53299629DD007ECA57 /* LogoutResult.swift */,
				B4328F5929964EF1007ECA57 /* RegistrationResult.swift */,
			);
			path = User;
			sourceTree = "<group>";
		};
		B4CD3DF829A7A9BE003130AE /* Product */ = {
			isa = PBXGroup;
			children = (
				B4C9CEE7299D0F0900562E6A /* CatalogDataResult.swift */,
				B4C9CEED299D282A00562E6A /* ProductByIdResult.swift */,
			);
			path = Product;
			sourceTree = "<group>";
		};
		B4CD3DF929A7A9E4003130AE /* Review */ = {
			isa = PBXGroup;
			children = (
				B4CD3DF329A5FD4B003130AE /* RemoveReviewResult.swift */,
				B4CD3DFA29A7AA54003130AE /* AddReviewResult.swift */,
				B4CD3DFC29A7B69C003130AE /* GetListReviewResult.swift */,
				B4CD3DFE29A7B6F5003130AE /* Review.swift */,
			);
			path = Review;
			sourceTree = "<group>";
		};
		B4CD3E1429B19CD9003130AE /* Basket */ = {
			isa = PBXGroup;
			children = (
				B4CD3E1529B19D10003130AE /* AddToBasketResult.swift */,
				B4CD3E1729B19D4A003130AE /* RemoveFromBasketResult.swift */,
				B4CD3E1F29B1FE86003130AE /* PayBasketResult.swift */,
				B4CD3E1D29B1BB2C003130AE /* BasketProduct.swift */,
			);
			path = Basket;
			sourceTree = "<group>";
		};
		DF63A30064D59084F092CF05 /* Frameworks */ = {
			isa = PBXGroup;
			children = (
				94122716C3C81437DE4CF3BD /* Pods_GBShop.framework */,
				3ED81A5CCD1D25D9787B70A4 /* Pods_GBShop_GBShopUITests.framework */,
				D98E053BB30337BBE347008B /* Pods_GBShopTests.framework */,
			);
			name = Frameworks;
			sourceTree = "<group>";
		};
		FBA0CE2829DBEC23B6BE51A8 /* Pods */ = {
			isa = PBXGroup;
			children = (
				852DA3B6B7C961DDCC177B37 /* Pods-GBShop.debug.xcconfig */,
				6589F0650449FD5D3B675BD3 /* Pods-GBShop.release.xcconfig */,
				D03E73905E5D332CE5B26081 /* Pods-GBShop-GBShopUITests.debug.xcconfig */,
				81E1799CAC0AEDE27072CC94 /* Pods-GBShop-GBShopUITests.release.xcconfig */,
				BD951DC6A68B1F44EFBAC346 /* Pods-GBShopTests.debug.xcconfig */,
				216C2D1C5D452C79DAE16A7D /* Pods-GBShopTests.release.xcconfig */,
			);
			path = Pods;
			sourceTree = "<group>";
		};
/* End PBXGroup section */

/* Begin PBXNativeTarget section */
		B46CC8572991F76A00746B9A /* GBShop */ = {
			isa = PBXNativeTarget;
			buildConfigurationList = B46CC8822991F76D00746B9A /* Build configuration list for PBXNativeTarget "GBShop" */;
			buildPhases = (
				CE76DB73E07B7297C00D3E50 /* [CP] Check Pods Manifest.lock */,
				B46CC8542991F76A00746B9A /* Sources */,
				B46CC8552991F76A00746B9A /* Frameworks */,
				B46CC8562991F76A00746B9A /* Resources */,
				73786A27141367E925C86C98 /* [CP] Embed Pods Frameworks */,
			);
			buildRules = (
			);
			dependencies = (
			);
			name = GBShop;
			productName = GBShop;
			productReference = B46CC8582991F76A00746B9A /* GBShop.app */;
			productType = "com.apple.product-type.application";
		};
		B46CC86D2991F76D00746B9A /* GBShopTests */ = {
			isa = PBXNativeTarget;
			buildConfigurationList = B46CC8852991F76D00746B9A /* Build configuration list for PBXNativeTarget "GBShopTests" */;
			buildPhases = (
				01B4C1FEAD1E137768197AAD /* [CP] Check Pods Manifest.lock */,
				B46CC86A2991F76D00746B9A /* Sources */,
				B46CC86B2991F76D00746B9A /* Frameworks */,
				B46CC86C2991F76D00746B9A /* Resources */,
			);
			buildRules = (
			);
			dependencies = (
				B46CC8702991F76D00746B9A /* PBXTargetDependency */,
			);
			name = GBShopTests;
			productName = GBShopTests;
			productReference = B46CC86E2991F76D00746B9A /* GBShopTests.xctest */;
			productType = "com.apple.product-type.bundle.unit-test";
		};
		B46CC8772991F76D00746B9A /* GBShopUITests */ = {
			isa = PBXNativeTarget;
			buildConfigurationList = B46CC8882991F76D00746B9A /* Build configuration list for PBXNativeTarget "GBShopUITests" */;
			buildPhases = (
				0A0F659932359A5F2828F9A0 /* [CP] Check Pods Manifest.lock */,
				B46CC8742991F76D00746B9A /* Sources */,
				B46CC8752991F76D00746B9A /* Frameworks */,
				B46CC8762991F76D00746B9A /* Resources */,
				BC6031454E66B5F21540DCD6 /* [CP] Embed Pods Frameworks */,
			);
			buildRules = (
			);
			dependencies = (
				B46CC87A2991F76D00746B9A /* PBXTargetDependency */,
			);
			name = GBShopUITests;
			productName = GBShopUITests;
			productReference = B46CC8782991F76D00746B9A /* GBShopUITests.xctest */;
			productType = "com.apple.product-type.bundle.ui-testing";
		};
/* End PBXNativeTarget section */

/* Begin PBXProject section */
		B46CC8502991F76A00746B9A /* Project object */ = {
			isa = PBXProject;
			attributes = {
				BuildIndependentTargetsInParallel = 1;
				LastSwiftUpdateCheck = 1420;
				LastUpgradeCheck = 1420;
				TargetAttributes = {
					B46CC8572991F76A00746B9A = {
						CreatedOnToolsVersion = 14.2;
					};
					B46CC86D2991F76D00746B9A = {
						CreatedOnToolsVersion = 14.2;
						TestTargetID = B46CC8572991F76A00746B9A;
					};
					B46CC8772991F76D00746B9A = {
						CreatedOnToolsVersion = 14.2;
						TestTargetID = B46CC8572991F76A00746B9A;
					};
				};
			};
			buildConfigurationList = B46CC8532991F76A00746B9A /* Build configuration list for PBXProject "GBShop" */;
			compatibilityVersion = "Xcode 14.0";
			developmentRegion = en;
			hasScannedForEncodings = 0;
			knownRegions = (
				en,
				Base,
			);
			mainGroup = B46CC84F2991F76A00746B9A;
			productRefGroup = B46CC8592991F76A00746B9A /* Products */;
			projectDirPath = "";
			projectRoot = "";
			targets = (
				B46CC8572991F76A00746B9A /* GBShop */,
				B46CC86D2991F76D00746B9A /* GBShopTests */,
				B46CC8772991F76D00746B9A /* GBShopUITests */,
			);
		};
/* End PBXProject section */

/* Begin PBXResourcesBuildPhase section */
		B46CC8562991F76A00746B9A /* Resources */ = {
			isa = PBXResourcesBuildPhase;
			buildActionMask = 2147483647;
			files = (
				B46CC8682991F76D00746B9A /* LaunchScreen.storyboard in Resources */,
				B46CC8652991F76D00746B9A /* Assets.xcassets in Resources */,
			);
			runOnlyForDeploymentPostprocessing = 0;
		};
		B46CC86C2991F76D00746B9A /* Resources */ = {
			isa = PBXResourcesBuildPhase;
			buildActionMask = 2147483647;
			files = (
			);
			runOnlyForDeploymentPostprocessing = 0;
		};
		B46CC8762991F76D00746B9A /* Resources */ = {
			isa = PBXResourcesBuildPhase;
			buildActionMask = 2147483647;
			files = (
			);
			runOnlyForDeploymentPostprocessing = 0;
		};
/* End PBXResourcesBuildPhase section */

/* Begin PBXShellScriptBuildPhase section */
		01B4C1FEAD1E137768197AAD /* [CP] Check Pods Manifest.lock */ = {
			isa = PBXShellScriptBuildPhase;
			buildActionMask = 2147483647;
			files = (
			);
			inputFileListPaths = (
			);
			inputPaths = (
				"${PODS_PODFILE_DIR_PATH}/Podfile.lock",
				"${PODS_ROOT}/Manifest.lock",
			);
			name = "[CP] Check Pods Manifest.lock";
			outputFileListPaths = (
			);
			outputPaths = (
				"$(DERIVED_FILE_DIR)/Pods-GBShopTests-checkManifestLockResult.txt",
			);
			runOnlyForDeploymentPostprocessing = 0;
			shellPath = /bin/sh;
			shellScript = "diff \"${PODS_PODFILE_DIR_PATH}/Podfile.lock\" \"${PODS_ROOT}/Manifest.lock\" > /dev/null\nif [ $? != 0 ] ; then\n    # print error to STDERR\n    echo \"error: The sandbox is not in sync with the Podfile.lock. Run 'pod install' or update your CocoaPods installation.\" >&2\n    exit 1\nfi\n# This output is used by Xcode 'outputs' to avoid re-running this script phase.\necho \"SUCCESS\" > \"${SCRIPT_OUTPUT_FILE_0}\"\n";
			showEnvVarsInLog = 0;
		};
		0A0F659932359A5F2828F9A0 /* [CP] Check Pods Manifest.lock */ = {
			isa = PBXShellScriptBuildPhase;
			buildActionMask = 2147483647;
			files = (
			);
			inputFileListPaths = (
			);
			inputPaths = (
				"${PODS_PODFILE_DIR_PATH}/Podfile.lock",
				"${PODS_ROOT}/Manifest.lock",
			);
			name = "[CP] Check Pods Manifest.lock";
			outputFileListPaths = (
			);
			outputPaths = (
				"$(DERIVED_FILE_DIR)/Pods-GBShop-GBShopUITests-checkManifestLockResult.txt",
			);
			runOnlyForDeploymentPostprocessing = 0;
			shellPath = /bin/sh;
			shellScript = "diff \"${PODS_PODFILE_DIR_PATH}/Podfile.lock\" \"${PODS_ROOT}/Manifest.lock\" > /dev/null\nif [ $? != 0 ] ; then\n    # print error to STDERR\n    echo \"error: The sandbox is not in sync with the Podfile.lock. Run 'pod install' or update your CocoaPods installation.\" >&2\n    exit 1\nfi\n# This output is used by Xcode 'outputs' to avoid re-running this script phase.\necho \"SUCCESS\" > \"${SCRIPT_OUTPUT_FILE_0}\"\n";
			showEnvVarsInLog = 0;
		};
		73786A27141367E925C86C98 /* [CP] Embed Pods Frameworks */ = {
			isa = PBXShellScriptBuildPhase;
			buildActionMask = 2147483647;
			files = (
			);
			inputFileListPaths = (
				"${PODS_ROOT}/Target Support Files/Pods-GBShop/Pods-GBShop-frameworks-${CONFIGURATION}-input-files.xcfilelist",
			);
			name = "[CP] Embed Pods Frameworks";
			outputFileListPaths = (
				"${PODS_ROOT}/Target Support Files/Pods-GBShop/Pods-GBShop-frameworks-${CONFIGURATION}-output-files.xcfilelist",
			);
			runOnlyForDeploymentPostprocessing = 0;
			shellPath = /bin/sh;
			shellScript = "\"${PODS_ROOT}/Target Support Files/Pods-GBShop/Pods-GBShop-frameworks.sh\"\n";
			showEnvVarsInLog = 0;
		};
		BC6031454E66B5F21540DCD6 /* [CP] Embed Pods Frameworks */ = {
			isa = PBXShellScriptBuildPhase;
			buildActionMask = 2147483647;
			files = (
			);
			inputFileListPaths = (
				"${PODS_ROOT}/Target Support Files/Pods-GBShop-GBShopUITests/Pods-GBShop-GBShopUITests-frameworks-${CONFIGURATION}-input-files.xcfilelist",
			);
			name = "[CP] Embed Pods Frameworks";
			outputFileListPaths = (
				"${PODS_ROOT}/Target Support Files/Pods-GBShop-GBShopUITests/Pods-GBShop-GBShopUITests-frameworks-${CONFIGURATION}-output-files.xcfilelist",
			);
			runOnlyForDeploymentPostprocessing = 0;
			shellPath = /bin/sh;
			shellScript = "\"${PODS_ROOT}/Target Support Files/Pods-GBShop-GBShopUITests/Pods-GBShop-GBShopUITests-frameworks.sh\"\n";
			showEnvVarsInLog = 0;
		};
		CE76DB73E07B7297C00D3E50 /* [CP] Check Pods Manifest.lock */ = {
			isa = PBXShellScriptBuildPhase;
			buildActionMask = 2147483647;
			files = (
			);
			inputFileListPaths = (
			);
			inputPaths = (
				"${PODS_PODFILE_DIR_PATH}/Podfile.lock",
				"${PODS_ROOT}/Manifest.lock",
			);
			name = "[CP] Check Pods Manifest.lock";
			outputFileListPaths = (
			);
			outputPaths = (
				"$(DERIVED_FILE_DIR)/Pods-GBShop-checkManifestLockResult.txt",
			);
			runOnlyForDeploymentPostprocessing = 0;
			shellPath = /bin/sh;
			shellScript = "diff \"${PODS_PODFILE_DIR_PATH}/Podfile.lock\" \"${PODS_ROOT}/Manifest.lock\" > /dev/null\nif [ $? != 0 ] ; then\n    # print error to STDERR\n    echo \"error: The sandbox is not in sync with the Podfile.lock. Run 'pod install' or update your CocoaPods installation.\" >&2\n    exit 1\nfi\n# This output is used by Xcode 'outputs' to avoid re-running this script phase.\necho \"SUCCESS\" > \"${SCRIPT_OUTPUT_FILE_0}\"\n";
			showEnvVarsInLog = 0;
		};
/* End PBXShellScriptBuildPhase section */

/* Begin PBXSourcesBuildPhase section */
		B46CC8542991F76A00746B9A /* Sources */ = {
			isa = PBXSourcesBuildPhase;
			buildActionMask = 2147483647;
			files = (
				B4CD3E1329B19B7D003130AE /* BasketRequestFactory.swift in Sources */,
				B4CD3DF429A5FD4B003130AE /* RemoveReviewResult.swift in Sources */,
				B4328F4A299601E8007ECA57 /* AbstractErrorParser.swift in Sources */,
				B46CC8602991F76A00746B9A /* ViewController.swift in Sources */,
				B4CD3E2029B1FE86003130AE /* PayBasketResult.swift in Sources */,
				B4328F54299629DD007ECA57 /* LogoutResult.swift in Sources */,
				B47E4F6E29974CA900EA7FF6 /* ChangeUserDataResult.swift in Sources */,
				B4328F3E2995EFD9007ECA57 /* LoginResult.swift in Sources */,
				B4CD3E1829B19D4A003130AE /* RemoveFromBasketResult.swift in Sources */,
				B4328F5229960628007ECA57 /* RequestFactory.swift in Sources */,
				B4328F432995FF44007ECA57 /* AuthRequestFactory.swift in Sources */,
				B4C9CEEC299D114600562E6A /* Products.swift in Sources */,
				B4328F5A29964EF1007ECA57 /* RegistrationResult.swift in Sources */,
				B4328F402995F018007ECA57 /* User.swift in Sources */,
				B4CD3DF229A5FC72003130AE /* ReviewRequestFactory.swift in Sources */,
				B4328F4E299603A5007ECA57 /* CustomDecodableSerializer.swift in Sources */,
				B4C9CEEE299D282A00562E6A /* ProductByIdResult.swift in Sources */,
				B4328F4C29960248007ECA57 /* ErrorParser.swift in Sources */,
				B4CD3DFD29A7B69C003130AE /* GetListReviewResult.swift in Sources */,
				B4328F452995FF95007ECA57 /* Auth.swift in Sources */,
				B4328F50299604C6007ECA57 /* RequestRouter.swift in Sources */,
				B4C9CEE6299D0DD700562E6A /* GoodsRequestFactory.swift in Sources */,
				B47E4F702997588A00EA7FF6 /* UserData.swift in Sources */,
				B4CD3E1629B19D10003130AE /* AddToBasketResult.swift in Sources */,
				B4CD3E1E29B1BB2C003130AE /* BasketProduct.swift in Sources */,
				B4CD3E1A29B19E26003130AE /* Basket.swift in Sources */,
				B4CD3DFF29A7B6F5003130AE /* Review.swift in Sources */,
				B46CC85C2991F76A00746B9A /* AppDelegate.swift in Sources */,
				B46CC85E2991F76A00746B9A /* SceneDelegate.swift in Sources */,
				B4CD3DF629A5FF60003130AE /* Reviews.swift in Sources */,
				B4C9CEE8299D0F0900562E6A /* CatalogDataResult.swift in Sources */,
				B4328F47299600BA007ECA57 /* DataRequest.swift in Sources */,
				B4CD3DFB29A7AA54003130AE /* AddReviewResult.swift in Sources */,
			);
			runOnlyForDeploymentPostprocessing = 0;
		};
		B46CC86A2991F76D00746B9A /* Sources */ = {
			isa = PBXSourcesBuildPhase;
			buildActionMask = 2147483647;
			files = (
				B46CC8732991F76D00746B9A /* GBShopTests.swift in Sources */,
				B41D3885299B31720092EE13 /* ResponseCodableTests.swift in Sources */,
			);
			runOnlyForDeploymentPostprocessing = 0;
		};
		B46CC8742991F76D00746B9A /* Sources */ = {
			isa = PBXSourcesBuildPhase;
			buildActionMask = 2147483647;
			files = (
				B46CC87D2991F76D00746B9A /* GBShopUITests.swift in Sources */,
				B46CC87F2991F76D00746B9A /* GBShopUITestsLaunchTests.swift in Sources */,
			);
			runOnlyForDeploymentPostprocessing = 0;
		};
/* End PBXSourcesBuildPhase section */

/* Begin PBXTargetDependency section */
		B46CC8702991F76D00746B9A /* PBXTargetDependency */ = {
			isa = PBXTargetDependency;
			target = B46CC8572991F76A00746B9A /* GBShop */;
			targetProxy = B46CC86F2991F76D00746B9A /* PBXContainerItemProxy */;
		};
		B46CC87A2991F76D00746B9A /* PBXTargetDependency */ = {
			isa = PBXTargetDependency;
			target = B46CC8572991F76A00746B9A /* GBShop */;
			targetProxy = B46CC8792991F76D00746B9A /* PBXContainerItemProxy */;
		};
/* End PBXTargetDependency section */

/* Begin PBXVariantGroup section */
		B46CC8662991F76D00746B9A /* LaunchScreen.storyboard */ = {
			isa = PBXVariantGroup;
			children = (
				B46CC8672991F76D00746B9A /* Base */,
			);
			name = LaunchScreen.storyboard;
			sourceTree = "<group>";
		};
/* End PBXVariantGroup section */

/* Begin XCBuildConfiguration section */
		B46CC8802991F76D00746B9A /* Debug */ = {
			isa = XCBuildConfiguration;
			buildSettings = {
				ALWAYS_SEARCH_USER_PATHS = NO;
				CLANG_ANALYZER_NONNULL = YES;
				CLANG_ANALYZER_NUMBER_OBJECT_CONVERSION = YES_AGGRESSIVE;
				CLANG_CXX_LANGUAGE_STANDARD = "gnu++20";
				CLANG_ENABLE_MODULES = YES;
				CLANG_ENABLE_OBJC_ARC = YES;
				CLANG_ENABLE_OBJC_WEAK = YES;
				CLANG_WARN_BLOCK_CAPTURE_AUTORELEASING = YES;
				CLANG_WARN_BOOL_CONVERSION = YES;
				CLANG_WARN_COMMA = YES;
				CLANG_WARN_CONSTANT_CONVERSION = YES;
				CLANG_WARN_DEPRECATED_OBJC_IMPLEMENTATIONS = YES;
				CLANG_WARN_DIRECT_OBJC_ISA_USAGE = YES_ERROR;
				CLANG_WARN_DOCUMENTATION_COMMENTS = YES;
				CLANG_WARN_EMPTY_BODY = YES;
				CLANG_WARN_ENUM_CONVERSION = YES;
				CLANG_WARN_INFINITE_RECURSION = YES;
				CLANG_WARN_INT_CONVERSION = YES;
				CLANG_WARN_NON_LITERAL_NULL_CONVERSION = YES;
				CLANG_WARN_OBJC_IMPLICIT_RETAIN_SELF = YES;
				CLANG_WARN_OBJC_LITERAL_CONVERSION = YES;
				CLANG_WARN_OBJC_ROOT_CLASS = YES_ERROR;
				CLANG_WARN_QUOTED_INCLUDE_IN_FRAMEWORK_HEADER = YES;
				CLANG_WARN_RANGE_LOOP_ANALYSIS = YES;
				CLANG_WARN_STRICT_PROTOTYPES = YES;
				CLANG_WARN_SUSPICIOUS_MOVE = YES;
				CLANG_WARN_UNGUARDED_AVAILABILITY = YES_AGGRESSIVE;
				CLANG_WARN_UNREACHABLE_CODE = YES;
				CLANG_WARN__DUPLICATE_METHOD_MATCH = YES;
				COPY_PHASE_STRIP = NO;
				DEBUG_INFORMATION_FORMAT = dwarf;
				ENABLE_STRICT_OBJC_MSGSEND = YES;
				ENABLE_TESTABILITY = YES;
				GCC_C_LANGUAGE_STANDARD = gnu11;
				GCC_DYNAMIC_NO_PIC = NO;
				GCC_NO_COMMON_BLOCKS = YES;
				GCC_OPTIMIZATION_LEVEL = 0;
				GCC_PREPROCESSOR_DEFINITIONS = (
					"DEBUG=1",
					"$(inherited)",
				);
				GCC_WARN_64_TO_32_BIT_CONVERSION = YES;
				GCC_WARN_ABOUT_RETURN_TYPE = YES_ERROR;
				GCC_WARN_UNDECLARED_SELECTOR = YES;
				GCC_WARN_UNINITIALIZED_AUTOS = YES_AGGRESSIVE;
				GCC_WARN_UNUSED_FUNCTION = YES;
				GCC_WARN_UNUSED_VARIABLE = YES;
				IPHONEOS_DEPLOYMENT_TARGET = 16.2;
				MTL_ENABLE_DEBUG_INFO = INCLUDE_SOURCE;
				MTL_FAST_MATH = YES;
				ONLY_ACTIVE_ARCH = YES;
				SDKROOT = iphoneos;
				SWIFT_ACTIVE_COMPILATION_CONDITIONS = DEBUG;
				SWIFT_OPTIMIZATION_LEVEL = "-Onone";
			};
			name = Debug;
		};
		B46CC8812991F76D00746B9A /* Release */ = {
			isa = XCBuildConfiguration;
			buildSettings = {
				ALWAYS_SEARCH_USER_PATHS = NO;
				CLANG_ANALYZER_NONNULL = YES;
				CLANG_ANALYZER_NUMBER_OBJECT_CONVERSION = YES_AGGRESSIVE;
				CLANG_CXX_LANGUAGE_STANDARD = "gnu++20";
				CLANG_ENABLE_MODULES = YES;
				CLANG_ENABLE_OBJC_ARC = YES;
				CLANG_ENABLE_OBJC_WEAK = YES;
				CLANG_WARN_BLOCK_CAPTURE_AUTORELEASING = YES;
				CLANG_WARN_BOOL_CONVERSION = YES;
				CLANG_WARN_COMMA = YES;
				CLANG_WARN_CONSTANT_CONVERSION = YES;
				CLANG_WARN_DEPRECATED_OBJC_IMPLEMENTATIONS = YES;
				CLANG_WARN_DIRECT_OBJC_ISA_USAGE = YES_ERROR;
				CLANG_WARN_DOCUMENTATION_COMMENTS = YES;
				CLANG_WARN_EMPTY_BODY = YES;
				CLANG_WARN_ENUM_CONVERSION = YES;
				CLANG_WARN_INFINITE_RECURSION = YES;
				CLANG_WARN_INT_CONVERSION = YES;
				CLANG_WARN_NON_LITERAL_NULL_CONVERSION = YES;
				CLANG_WARN_OBJC_IMPLICIT_RETAIN_SELF = YES;
				CLANG_WARN_OBJC_LITERAL_CONVERSION = YES;
				CLANG_WARN_OBJC_ROOT_CLASS = YES_ERROR;
				CLANG_WARN_QUOTED_INCLUDE_IN_FRAMEWORK_HEADER = YES;
				CLANG_WARN_RANGE_LOOP_ANALYSIS = YES;
				CLANG_WARN_STRICT_PROTOTYPES = YES;
				CLANG_WARN_SUSPICIOUS_MOVE = YES;
				CLANG_WARN_UNGUARDED_AVAILABILITY = YES_AGGRESSIVE;
				CLANG_WARN_UNREACHABLE_CODE = YES;
				CLANG_WARN__DUPLICATE_METHOD_MATCH = YES;
				COPY_PHASE_STRIP = NO;
				DEBUG_INFORMATION_FORMAT = "dwarf-with-dsym";
				ENABLE_NS_ASSERTIONS = NO;
				ENABLE_STRICT_OBJC_MSGSEND = YES;
				GCC_C_LANGUAGE_STANDARD = gnu11;
				GCC_NO_COMMON_BLOCKS = YES;
				GCC_WARN_64_TO_32_BIT_CONVERSION = YES;
				GCC_WARN_ABOUT_RETURN_TYPE = YES_ERROR;
				GCC_WARN_UNDECLARED_SELECTOR = YES;
				GCC_WARN_UNINITIALIZED_AUTOS = YES_AGGRESSIVE;
				GCC_WARN_UNUSED_FUNCTION = YES;
				GCC_WARN_UNUSED_VARIABLE = YES;
				IPHONEOS_DEPLOYMENT_TARGET = 16.2;
				MTL_ENABLE_DEBUG_INFO = NO;
				MTL_FAST_MATH = YES;
				SDKROOT = iphoneos;
				SWIFT_COMPILATION_MODE = wholemodule;
				SWIFT_OPTIMIZATION_LEVEL = "-O";
				VALIDATE_PRODUCT = YES;
			};
			name = Release;
		};
		B46CC8832991F76D00746B9A /* Debug */ = {
			isa = XCBuildConfiguration;
			baseConfigurationReference = 852DA3B6B7C961DDCC177B37 /* Pods-GBShop.debug.xcconfig */;
			buildSettings = {
				ASSETCATALOG_COMPILER_APPICON_NAME = AppIcon;
				ASSETCATALOG_COMPILER_GLOBAL_ACCENT_COLOR_NAME = AccentColor;
				CODE_SIGN_STYLE = Automatic;
				CURRENT_PROJECT_VERSION = 1;
				DEVELOPMENT_TEAM = AD4W7X6593;
				GENERATE_INFOPLIST_FILE = YES;
				INFOPLIST_FILE = GBShop/Environments/Info.plist;
				INFOPLIST_KEY_UIApplicationSupportsIndirectInputEvents = YES;
				INFOPLIST_KEY_UILaunchStoryboardName = LaunchScreen;
				INFOPLIST_KEY_UISupportedInterfaceOrientations_iPad = "UIInterfaceOrientationPortrait UIInterfaceOrientationPortraitUpsideDown UIInterfaceOrientationLandscapeLeft UIInterfaceOrientationLandscapeRight";
				INFOPLIST_KEY_UISupportedInterfaceOrientations_iPhone = "UIInterfaceOrientationPortrait UIInterfaceOrientationLandscapeLeft UIInterfaceOrientationLandscapeRight";
				LD_RUNPATH_SEARCH_PATHS = (
					"$(inherited)",
					"@executable_path/Frameworks",
				);
				MARKETING_VERSION = 1.0;
				PRODUCT_BUNDLE_IDENTIFIER = "-.GBShop";
				PRODUCT_NAME = "$(TARGET_NAME)";
				SWIFT_EMIT_LOC_STRINGS = YES;
				SWIFT_VERSION = 5.0;
				TARGETED_DEVICE_FAMILY = "1,2";
			};
			name = Debug;
		};
		B46CC8842991F76D00746B9A /* Release */ = {
			isa = XCBuildConfiguration;
			baseConfigurationReference = 6589F0650449FD5D3B675BD3 /* Pods-GBShop.release.xcconfig */;
			buildSettings = {
				ASSETCATALOG_COMPILER_APPICON_NAME = AppIcon;
				ASSETCATALOG_COMPILER_GLOBAL_ACCENT_COLOR_NAME = AccentColor;
				CODE_SIGN_STYLE = Automatic;
				CURRENT_PROJECT_VERSION = 1;
				DEVELOPMENT_TEAM = AD4W7X6593;
				GENERATE_INFOPLIST_FILE = YES;
				INFOPLIST_FILE = GBShop/Environments/Info.plist;
				INFOPLIST_KEY_UIApplicationSupportsIndirectInputEvents = YES;
				INFOPLIST_KEY_UILaunchStoryboardName = LaunchScreen;
				INFOPLIST_KEY_UISupportedInterfaceOrientations_iPad = "UIInterfaceOrientationPortrait UIInterfaceOrientationPortraitUpsideDown UIInterfaceOrientationLandscapeLeft UIInterfaceOrientationLandscapeRight";
				INFOPLIST_KEY_UISupportedInterfaceOrientations_iPhone = "UIInterfaceOrientationPortrait UIInterfaceOrientationLandscapeLeft UIInterfaceOrientationLandscapeRight";
				LD_RUNPATH_SEARCH_PATHS = (
					"$(inherited)",
					"@executable_path/Frameworks",
				);
				MARKETING_VERSION = 1.0;
				PRODUCT_BUNDLE_IDENTIFIER = "-.GBShop";
				PRODUCT_NAME = "$(TARGET_NAME)";
				SWIFT_EMIT_LOC_STRINGS = YES;
				SWIFT_VERSION = 5.0;
				TARGETED_DEVICE_FAMILY = "1,2";
			};
			name = Release;
		};
		B46CC8862991F76D00746B9A /* Debug */ = {
			isa = XCBuildConfiguration;
			baseConfigurationReference = BD951DC6A68B1F44EFBAC346 /* Pods-GBShopTests.debug.xcconfig */;
			buildSettings = {
				ALWAYS_EMBED_SWIFT_STANDARD_LIBRARIES = YES;
				BUNDLE_LOADER = "$(TEST_HOST)";
				CODE_SIGN_STYLE = Automatic;
				CURRENT_PROJECT_VERSION = 1;
				DEVELOPMENT_TEAM = AD4W7X6593;
				GENERATE_INFOPLIST_FILE = YES;
				IPHONEOS_DEPLOYMENT_TARGET = 16.2;
				MARKETING_VERSION = 1.0;
				PRODUCT_BUNDLE_IDENTIFIER = "-.GBShopTests";
				PRODUCT_NAME = "$(TARGET_NAME)";
				SWIFT_EMIT_LOC_STRINGS = NO;
				SWIFT_VERSION = 5.0;
				TARGETED_DEVICE_FAMILY = "1,2";
				TEST_HOST = "$(BUILT_PRODUCTS_DIR)/GBShop.app/$(BUNDLE_EXECUTABLE_FOLDER_PATH)/GBShop";
			};
			name = Debug;
		};
		B46CC8872991F76D00746B9A /* Release */ = {
			isa = XCBuildConfiguration;
			baseConfigurationReference = 216C2D1C5D452C79DAE16A7D /* Pods-GBShopTests.release.xcconfig */;
			buildSettings = {
				ALWAYS_EMBED_SWIFT_STANDARD_LIBRARIES = YES;
				BUNDLE_LOADER = "$(TEST_HOST)";
				CODE_SIGN_STYLE = Automatic;
				CURRENT_PROJECT_VERSION = 1;
				DEVELOPMENT_TEAM = AD4W7X6593;
				GENERATE_INFOPLIST_FILE = YES;
				IPHONEOS_DEPLOYMENT_TARGET = 16.2;
				MARKETING_VERSION = 1.0;
				PRODUCT_BUNDLE_IDENTIFIER = "-.GBShopTests";
				PRODUCT_NAME = "$(TARGET_NAME)";
				SWIFT_EMIT_LOC_STRINGS = NO;
				SWIFT_VERSION = 5.0;
				TARGETED_DEVICE_FAMILY = "1,2";
				TEST_HOST = "$(BUILT_PRODUCTS_DIR)/GBShop.app/$(BUNDLE_EXECUTABLE_FOLDER_PATH)/GBShop";
			};
			name = Release;
		};
		B46CC8892991F76D00746B9A /* Debug */ = {
			isa = XCBuildConfiguration;
			baseConfigurationReference = D03E73905E5D332CE5B26081 /* Pods-GBShop-GBShopUITests.debug.xcconfig */;
			buildSettings = {
				ALWAYS_EMBED_SWIFT_STANDARD_LIBRARIES = YES;
				CODE_SIGN_STYLE = Automatic;
				CURRENT_PROJECT_VERSION = 1;
				DEVELOPMENT_TEAM = AD4W7X6593;
				GENERATE_INFOPLIST_FILE = YES;
				MARKETING_VERSION = 1.0;
				PRODUCT_BUNDLE_IDENTIFIER = "-.GBShopUITests";
				PRODUCT_NAME = "$(TARGET_NAME)";
				SWIFT_EMIT_LOC_STRINGS = NO;
				SWIFT_VERSION = 5.0;
				TARGETED_DEVICE_FAMILY = "1,2";
				TEST_TARGET_NAME = GBShop;
			};
			name = Debug;
		};
		B46CC88A2991F76D00746B9A /* Release */ = {
			isa = XCBuildConfiguration;
			baseConfigurationReference = 81E1799CAC0AEDE27072CC94 /* Pods-GBShop-GBShopUITests.release.xcconfig */;
			buildSettings = {
				ALWAYS_EMBED_SWIFT_STANDARD_LIBRARIES = YES;
				CODE_SIGN_STYLE = Automatic;
				CURRENT_PROJECT_VERSION = 1;
				DEVELOPMENT_TEAM = AD4W7X6593;
				GENERATE_INFOPLIST_FILE = YES;
				MARKETING_VERSION = 1.0;
				PRODUCT_BUNDLE_IDENTIFIER = "-.GBShopUITests";
				PRODUCT_NAME = "$(TARGET_NAME)";
				SWIFT_EMIT_LOC_STRINGS = NO;
				SWIFT_VERSION = 5.0;
				TARGETED_DEVICE_FAMILY = "1,2";
				TEST_TARGET_NAME = GBShop;
			};
			name = Release;
		};
/* End XCBuildConfiguration section */

/* Begin XCConfigurationList section */
		B46CC8532991F76A00746B9A /* Build configuration list for PBXProject "GBShop" */ = {
			isa = XCConfigurationList;
			buildConfigurations = (
				B46CC8802991F76D00746B9A /* Debug */,
				B46CC8812991F76D00746B9A /* Release */,
			);
			defaultConfigurationIsVisible = 0;
			defaultConfigurationName = Release;
		};
		B46CC8822991F76D00746B9A /* Build configuration list for PBXNativeTarget "GBShop" */ = {
			isa = XCConfigurationList;
			buildConfigurations = (
				B46CC8832991F76D00746B9A /* Debug */,
				B46CC8842991F76D00746B9A /* Release */,
			);
			defaultConfigurationIsVisible = 0;
			defaultConfigurationName = Release;
		};
		B46CC8852991F76D00746B9A /* Build configuration list for PBXNativeTarget "GBShopTests" */ = {
			isa = XCConfigurationList;
			buildConfigurations = (
				B46CC8862991F76D00746B9A /* Debug */,
				B46CC8872991F76D00746B9A /* Release */,
			);
			defaultConfigurationIsVisible = 0;
			defaultConfigurationName = Release;
		};
		B46CC8882991F76D00746B9A /* Build configuration list for PBXNativeTarget "GBShopUITests" */ = {
			isa = XCConfigurationList;
			buildConfigurations = (
				B46CC8892991F76D00746B9A /* Debug */,
				B46CC88A2991F76D00746B9A /* Release */,
			);
			defaultConfigurationIsVisible = 0;
			defaultConfigurationName = Release;
		};
/* End XCConfigurationList section */
	};
	rootObject = B46CC8502991F76A00746B9A /* Project object */;
}
